
Microsoft Visual Studio Solution File, Format Version 12.00
# Visual Studio 15
VisualStudioVersion = 15.0.27703.2042
MinimumVisualStudioVersion = 10.0.40219.1
Project("{FAE04EC0-301F-11D3-BF4B-00C04F79EFBC}") = "Guru99", "Guru99\Guru99.csproj", "{2686774F-2918-4C68-8361-C3A3016A3A33}"
EndProject
Global
	GlobalSection(SolutionConfigurationPlatforms) = preSolution
		Debug|Any CPU = Debug|Any CPU
		Release|Any CPU = Release|Any CPU
	EndGlobalSection
	GlobalSection(ProjectConfigurationPlatforms) = postSolution
		{2686774F-2918-4C68-8361-C3A3016A3A33}.Debug|Any CPU.ActiveCfg = Debug|Any CPU
		{2686774F-2918-4C68-8361-C3A3016A3A33}.Debug|Any CPU.Build.0 = Debug|Any CPU
		{2686774F-2918-4C68-8361-C3A3016A3A33}.Release|Any CPU.ActiveCfg = Release|Any CPU
		{2686774F-2918-4C68-8361-C3A3016A3A33}.Release|Any CPU.Build.0 = Release|Any CPU
	EndGlobalSection
	GlobalSection(SolutionProperties) = preSolution
		HideSolutionNode = FALSE
	EndGlobalSection
	GlobalSection(ExtensibilityGlobals) = postSolution
		SolutionGuid = {6FA13B99-9346-46D8-A887-3501EE220712}
	EndGlobalSection
EndGlobal
